
Microsoft Visual Studio Solution File, Format Version 12.00
# Visual Studio 15
VisualStudioVersion = 15.0.26124.0
MinimumVisualStudioVersion = 15.0.26124.0
Project("{2150E333-8FDC-42A3-9474-1A3956D46DE8}") = "src", "src", "{4BD50D5A-74E9-487F-832C-E0AC9B1CA7B8}"
EndProject
Project("{FAE04EC0-301F-11D3-BF4B-00C04F79EFBC}") = "Backlog.Api", "src\Backlog.Api\Backlog.Api.csproj", "{9024FF80-0796-439B-95DF-C56B662FDF5A}"
EndProject
Global
	GlobalSection(SolutionConfigurationPlatforms) = preSolution
		Debug|Any CPU = Debug|Any CPU
		Debug|x64 = Debug|x64
		Debug|x86 = Debug|x86
		Release|Any CPU = Release|Any CPU
		Release|x64 = Release|x64
		Release|x86 = Release|x86
	EndGlobalSection
	GlobalSection(SolutionProperties) = preSolution
		HideSolutionNode = FALSE
	EndGlobalSection
	GlobalSection(ProjectConfigurationPlatforms) = postSolution
		{9024FF80-0796-439B-95DF-C56B662FDF5A}.Debug|Any CPU.ActiveCfg = Debug|Any CPU
		{9024FF80-0796-439B-95DF-C56B662FDF5A}.Debug|Any CPU.Build.0 = Debug|Any CPU
		{9024FF80-0796-439B-95DF-C56B662FDF5A}.Debug|x64.ActiveCfg = Debug|Any CPU
		{9024FF80-0796-439B-95DF-C56B662FDF5A}.Debug|x64.Build.0 = Debug|Any CPU
		{9024FF80-0796-439B-95DF-C56B662FDF5A}.Debug|x86.ActiveCfg = Debug|Any CPU
		{9024FF80-0796-439B-95DF-C56B662FDF5A}.Debug|x86.Build.0 = Debug|Any CPU
		{9024FF80-0796-439B-95DF-C56B662FDF5A}.Release|Any CPU.ActiveCfg = Release|Any CPU
		{9024FF80-0796-439B-95DF-C56B662FDF5A}.Release|Any CPU.Build.0 = Release|Any CPU
		{9024FF80-0796-439B-95DF-C56B662FDF5A}.Release|x64.ActiveCfg = Release|Any CPU
		{9024FF80-0796-439B-95DF-C56B662FDF5A}.Release|x64.Build.0 = Release|Any CPU
		{9024FF80-0796-439B-95DF-C56B662FDF5A}.Release|x86.ActiveCfg = Release|Any CPU
		{9024FF80-0796-439B-95DF-C56B662FDF5A}.Release|x86.Build.0 = Release|Any CPU
	EndGlobalSection
	GlobalSection(NestedProjects) = preSolution
		{9024FF80-0796-439B-95DF-C56B662FDF5A} = {4BD50D5A-74E9-487F-832C-E0AC9B1CA7B8}
	EndGlobalSection
EndGlobal
